
Microsoft Visual Studio Solution File, Format Version 12.00
# Visual Studio Version 16
VisualStudioVersion = 16.0.31019.35
MinimumVisualStudioVersion = 15.0.26124.0
Project("{9A19103F-16F7-4668-BE54-9A1E7A4F7556}") = "handlelisteApp", "handlelisteApp\handlelisteApp.csproj", "{4EEF487B-B8F5-465C-9D19-731C68AAD3D8}"
EndProject
Project("{9A19103F-16F7-4668-BE54-9A1E7A4F7556}") = "handlelisteApp.Test", "handlelisteApp.TEST\handlelisteApp.Test.csproj", "{979E70C5-B1CD-45CE-974B-5C2051BB273F}"
EndProject
Global
	GlobalSection(SolutionConfigurationPlatforms) = preSolution
		Debug|Any CPU = Debug|Any CPU
		Debug|x64 = Debug|x64
		Debug|x86 = Debug|x86
		Release|Any CPU = Release|Any CPU
		Release|x64 = Release|x64
		Release|x86 = Release|x86
	EndGlobalSection
	GlobalSection(ProjectConfigurationPlatforms) = postSolution
		{4EEF487B-B8F5-465C-9D19-731C68AAD3D8}.Debug|Any CPU.ActiveCfg = Debug|Any CPU
		{4EEF487B-B8F5-465C-9D19-731C68AAD3D8}.Debug|Any CPU.Build.0 = Debug|Any CPU
		{4EEF487B-B8F5-465C-9D19-731C68AAD3D8}.Debug|x64.ActiveCfg = Debug|Any CPU
		{4EEF487B-B8F5-465C-9D19-731C68AAD3D8}.Debug|x64.Build.0 = Debug|Any CPU
		{4EEF487B-B8F5-465C-9D19-731C68AAD3D8}.Debug|x86.ActiveCfg = Debug|Any CPU
		{4EEF487B-B8F5-465C-9D19-731C68AAD3D8}.Debug|x86.Build.0 = Debug|Any CPU
		{4EEF487B-B8F5-465C-9D19-731C68AAD3D8}.Release|Any CPU.ActiveCfg = Release|Any CPU
		{4EEF487B-B8F5-465C-9D19-731C68AAD3D8}.Release|Any CPU.Build.0 = Release|Any CPU
		{4EEF487B-B8F5-465C-9D19-731C68AAD3D8}.Release|x64.ActiveCfg = Release|Any CPU
		{4EEF487B-B8F5-465C-9D19-731C68AAD3D8}.Release|x64.Build.0 = Release|Any CPU
		{4EEF487B-B8F5-465C-9D19-731C68AAD3D8}.Release|x86.ActiveCfg = Release|Any CPU
		{4EEF487B-B8F5-465C-9D19-731C68AAD3D8}.Release|x86.Build.0 = Release|Any CPU
		{979E70C5-B1CD-45CE-974B-5C2051BB273F}.Debug|Any CPU.ActiveCfg = Debug|Any CPU
		{979E70C5-B1CD-45CE-974B-5C2051BB273F}.Debug|Any CPU.Build.0 = Debug|Any CPU
		{979E70C5-B1CD-45CE-974B-5C2051BB273F}.Debug|x64.ActiveCfg = Debug|Any CPU
		{979E70C5-B1CD-45CE-974B-5C2051BB273F}.Debug|x64.Build.0 = Debug|Any CPU
		{979E70C5-B1CD-45CE-974B-5C2051BB273F}.Debug|x86.ActiveCfg = Debug|Any CPU
		{979E70C5-B1CD-45CE-974B-5C2051BB273F}.Debug|x86.Build.0 = Debug|Any CPU
		{979E70C5-B1CD-45CE-974B-5C2051BB273F}.Release|Any CPU.ActiveCfg = Release|Any CPU
		{979E70C5-B1CD-45CE-974B-5C2051BB273F}.Release|Any CPU.Build.0 = Release|Any CPU
		{979E70C5-B1CD-45CE-974B-5C2051BB273F}.Release|x64.ActiveCfg = Release|Any CPU
		{979E70C5-B1CD-45CE-974B-5C2051BB273F}.Release|x64.Build.0 = Release|Any CPU
		{979E70C5-B1CD-45CE-974B-5C2051BB273F}.Release|x86.ActiveCfg = Release|Any CPU
		{979E70C5-B1CD-45CE-974B-5C2051BB273F}.Release|x86.Build.0 = Release|Any CPU
	EndGlobalSection
	GlobalSection(SolutionProperties) = preSolution
		HideSolutionNode = FALSE
	EndGlobalSection
	GlobalSection(ExtensibilityGlobals) = postSolution
		SolutionGuid = {C0762E47-6463-46B1-B705-23C47961B789}
	EndGlobalSection
EndGlobal
